
Microsoft Visual Studio Solution File, Format Version 12.00
# Visual Studio Version 17
VisualStudioVersion = 17.6.33723.286
MinimumVisualStudioVersion = 10.0.40219.1
Project("{9A19103F-16F7-4668-BE54-9A1E7A4F7556}") = "Phoenix", "Phoenix\Phoenix.csproj", "{9355BA52-CA7B-46A1-ACDB-DE0BB4F5D6BF}"
EndProject
Project("{9A19103F-16F7-4668-BE54-9A1E7A4F7556}") = "Phoenix.DAL", "Phoenix.DAL\Phoenix.DAL.csproj", "{CFFBFF1E-2FFB-42DA-8924-567282262119}"
EndProject
Global
	GlobalSection(SolutionConfigurationPlatforms) = preSolution
		Debug|Any CPU = Debug|Any CPU
		Release|Any CPU = Release|Any CPU
	EndGlobalSection
	GlobalSection(ProjectConfigurationPlatforms) = postSolution
		{9355BA52-CA7B-46A1-ACDB-DE0BB4F5D6BF}.Debug|Any CPU.ActiveCfg = Debug|Any CPU
		{9355BA52-CA7B-46A1-ACDB-DE0BB4F5D6BF}.Debug|Any CPU.Build.0 = Debug|Any CPU
		{9355BA52-CA7B-46A1-ACDB-DE0BB4F5D6BF}.Release|Any CPU.ActiveCfg = Release|Any CPU
		{9355BA52-CA7B-46A1-ACDB-DE0BB4F5D6BF}.Release|Any CPU.Build.0 = Release|Any CPU
		{CFFBFF1E-2FFB-42DA-8924-567282262119}.Debug|Any CPU.ActiveCfg = Debug|Any CPU
		{CFFBFF1E-2FFB-42DA-8924-567282262119}.Debug|Any CPU.Build.0 = Debug|Any CPU
		{CFFBFF1E-2FFB-42DA-8924-567282262119}.Release|Any CPU.ActiveCfg = Release|Any CPU
		{CFFBFF1E-2FFB-42DA-8924-567282262119}.Release|Any CPU.Build.0 = Release|Any CPU
	EndGlobalSection
	GlobalSection(SolutionProperties) = preSolution
		HideSolutionNode = FALSE
	EndGlobalSection
	GlobalSection(ExtensibilityGlobals) = postSolution
		SolutionGuid = {EAA1F982-95AC-4CD5-A71D-E1D29157BB04}
	EndGlobalSection
EndGlobal
